
Microsoft Visual Studio Solution File, Format Version 12.00
# Visual Studio Version 17
VisualStudioVersion = 17.5.33414.496
MinimumVisualStudioVersion = 10.0.40219.1
Project("{9A19103F-16F7-4668-BE54-9A1E7A4F7556}") = "StartFromBeginning", "StartFromBeginning\StartFromBeginning.csproj", "{B48D8F2F-97A9-4613-A238-57597B1F7C72}"
EndProject
Project("{9A19103F-16F7-4668-BE54-9A1E7A4F7556}") = "WaterMelon", "WaterMelon\WaterMelon.csproj", "{D7C728B8-7768-4937-95B9-A19F7CAF7B2B}"
EndProject
Project("{9A19103F-16F7-4668-BE54-9A1E7A4F7556}") = "WayTooLongWords", "WayTooLongWords\WayTooLongWords.csproj", "{3DDBB379-E2D4-4BB6-B176-F7002EFEADFD}"
EndProject
Project("{9A19103F-16F7-4668-BE54-9A1E7A4F7556}") = "Team", "Team\Team.csproj", "{EB479100-FCF7-4117-BEED-2BE7BA3A2654}"
EndProject
Project("{9A19103F-16F7-4668-BE54-9A1E7A4F7556}") = "WordCapitalaization", "WordCapitalaization\WordCapitalaization.csproj", "{F4A7B06A-D46E-4BF1-B42E-2E97F3193517}"
EndProject
Project("{9A19103F-16F7-4668-BE54-9A1E7A4F7556}") = "NextRound", "NextRound\NextRound.csproj", "{B6D936B1-FA6A-4B56-B76A-77AB02CCC0D4}"
EndProject
Project("{9A19103F-16F7-4668-BE54-9A1E7A4F7556}") = "PetyaAndStrings", "PetyaAndStrings\PetyaAndStrings.csproj", "{7ACEF665-CBA9-4E80-82A7-54CC7AF6813B}"
EndProject
Project("{9A19103F-16F7-4668-BE54-9A1E7A4F7556}") = "StringTask", "StringTask\StringTask.csproj", "{5E1EB433-8B1F-44F9-9750-0F8976A99C9A}"
EndProject
Project("{9A19103F-16F7-4668-BE54-9A1E7A4F7556}") = "StonesOnTheTable", "StonesOnTheTable\StonesOnTheTable.csproj", "{97359432-DC51-458C-A33C-5756CADE6598}"
EndProject
Project("{9A19103F-16F7-4668-BE54-9A1E7A4F7556}") = "BearAndBigbrother", "BearAndBigbrother\BearAndBigbrother.csproj", "{0520B11A-241F-4035-A1A6-066E757C74FC}"
EndProject
Project("{9A19103F-16F7-4668-BE54-9A1E7A4F7556}") = "Word", "Word\Word.csproj", "{A455C5C5-19F4-412A-B4FB-F9D565F909E5}"
EndProject
Project("{9A19103F-16F7-4668-BE54-9A1E7A4F7556}") = "Football", "Football\Football.csproj", "{62C6D66E-748F-4AAE-A5D4-53E9E2335E84}"
EndProject
Project("{9A19103F-16F7-4668-BE54-9A1E7A4F7556}") = "NearlyLuckyNumber", "NearlyLuckyNumber\NearlyLuckyNumber.csproj", "{FCA4D748-9A37-4796-B057-7C81A464F3BF}"
EndProject
Project("{9A19103F-16F7-4668-BE54-9A1E7A4F7556}") = "AntonAndDanik", "AntonAndDanik\AntonAndDanik.csproj", "{2BBD88D9-04E5-472A-9DB6-CEEB5CF4AE5F}"
EndProject
Project("{9A19103F-16F7-4668-BE54-9A1E7A4F7556}") = "BeautifulYear", "BeautifulYear\BeautifulYear.csproj", "{BC2FDAD7-EC60-4263-8003-444FEB9D76EE}"
EndProject
Project("{9A19103F-16F7-4668-BE54-9A1E7A4F7556}") = "InSeachOfAnEasyProblem", "InSeachOfAnEasyProblem\InSeachOfAnEasyProblem.csproj", "{51146C5C-CB5B-4C59-963A-54F2EA349CDF}"
EndProject
Project("{9A19103F-16F7-4668-BE54-9A1E7A4F7556}") = "EvenOdd", "EvenOdd\EvenOdd.csproj", "{CEEBB2B0-3630-4821-8D72-5CEEC54DFF95}"
EndProject
Project("{9A19103F-16F7-4668-BE54-9A1E7A4F7556}") = "CapsLock", "CapsLock\CapsLock.csproj", "{A81CB4BB-37BF-4AA1-8B0D-D8F8D6098C0F}"
EndProject
Project("{9A19103F-16F7-4668-BE54-9A1E7A4F7556}") = "BoyOrGirl", "BoyOrGirl\BoyOrGirl.csproj", "{099228FD-7A0A-46A0-BB8B-76BAEAA38B4F}"
EndProject
Project("{9A19103F-16F7-4668-BE54-9A1E7A4F7556}") = "WrongSubtraction", "WrongSubtraction\WrongSubtraction.csproj", "{37353539-426D-44F6-94E5-A854249C9908}"
EndProject
Project("{9A19103F-16F7-4668-BE54-9A1E7A4F7556}") = "Translation", "Translation\Translation.csproj", "{08108DFA-A493-4B2E-8D1F-50E173EFB05A}"
EndProject
Project("{9A19103F-16F7-4668-BE54-9A1E7A4F7556}") = "VanyaAndFence", "VanyaAndFence\VanyaAndFence.csproj", "{29709361-3C3B-416F-9F22-54ED08CE1049}"
EndProject
Project("{9A19103F-16F7-4668-BE54-9A1E7A4F7556}") = "GeorgeAndAccomodation", "GeorgeAndAccomodation\GeorgeAndAccomodation.csproj", "{25AEB188-D697-442D-A4F0-3D670DBB0C21}"
EndProject
Project("{9A19103F-16F7-4668-BE54-9A1E7A4F7556}") = "Magnet", "Magnet\Magnet.csproj", "{27897765-7E50-4B3D-85DE-7AADAEE3A5EC}"
EndProject
Project("{9A19103F-16F7-4668-BE54-9A1E7A4F7556}") = "IsYourHorseShoeOntheOtherHoof", "IsYourHorseShoeOntheOtherHoof\IsYourHorseShoeOntheOtherHoof.csproj", "{9E994AC7-E606-47B4-A120-62A83D835740}"
EndProject
Project("{9A19103F-16F7-4668-BE54-9A1E7A4F7556}") = "Bit++", "Bit++\Bit++.csproj", "{3244B344-9C90-464D-82D2-8FE16B2B5F7E}"
EndProject
Project("{9A19103F-16F7-4668-BE54-9A1E7A4F7556}") = "BeautifulMatrix", "BeautifulMatrix\BeautifulMatrix.csproj", "{E6636752-C8BF-4907-BF4A-5B415183EABA}"
EndProject
Project("{9A19103F-16F7-4668-BE54-9A1E7A4F7556}") = "QueueAtTheSchool", "QueueAtTheSchool\QueueAtTheSchool.csproj", "{DE7DE20C-07FD-44E2-BC5B-63A484535F51}"
EndProject
Project("{9A19103F-16F7-4668-BE54-9A1E7A4F7556}") = "Ultra-Fast Mathematician", "Ultra-Fast Mathematician\Ultra-Fast Mathematician.csproj", "{C4F1AC43-B7A8-4918-83AC-EEC48652F1DF}"
EndProject
Project("{9A19103F-16F7-4668-BE54-9A1E7A4F7556}") = "H-U-L-K", "H-U-L-K\H-U-L-K.csproj", "{CBD4643E-89D8-4426-888B-EE78416E9BD0}"
EndProject
Project("{9A19103F-16F7-4668-BE54-9A1E7A4F7556}") = "Arrival of the General", "Arrival of the General\Arrival of the General.csproj", "{FCEF7FFD-3B59-4377-9A9D-560737D0BD12}"
EndProject
Project("{9A19103F-16F7-4668-BE54-9A1E7A4F7556}") = "Pangram", "Pangram\Pangram.csproj", "{F519BCFD-1F96-4BB0-B47A-045242AC68DC}"
EndProject
Project("{9A19103F-16F7-4668-BE54-9A1E7A4F7556}") = "Insomenia_Cure", "Insomenia_Cure\Insomenia_Cure.csproj", "{005B942A-4C72-4AE8-9F28-699C9202E6F8}"
EndProject
Project("{9A19103F-16F7-4668-BE54-9A1E7A4F7556}") = "AntonAndLetters", "AntonAndLetters\AntonAndLetters.csproj", "{559E73AF-5F7F-4CC5-9848-2EFCA28D369F}"
EndProject
Project("{9A19103F-16F7-4668-BE54-9A1E7A4F7556}") = "HitTheLottery", "HitTheLottery\HitTheLottery.csproj", "{71B9739A-56E9-4D9E-B407-01F4816029E0}"
EndProject
Project("{9A19103F-16F7-4668-BE54-9A1E7A4F7556}") = "Games", "Games\Games.csproj", "{DCF26A66-3065-4587-99A6-5E204B8645A2}"
EndProject
Project("{9A19103F-16F7-4668-BE54-9A1E7A4F7556}") = "AntonAndPolyhedrons", "AntonAndPolyhedrons\AntonAndPolyhedrons.csproj", "{BD8CA47A-EDB4-4ACE-88EB-2835A440B2A6}"
EndProject
Project("{9A19103F-16F7-4668-BE54-9A1E7A4F7556}") = "Amusing Joke", "Amusing Joke\Amusing Joke.csproj", "{1485A39B-5A99-4D54-A324-8F2C2E661652}"
EndProject
Project("{9A19103F-16F7-4668-BE54-9A1E7A4F7556}") = "PoliceRecruits", "PoliceRecruits\PoliceRecruits.csproj", "{752B073D-40D0-4AEA-86FF-C42F44F1EBC1}"
EndProject
Project("{9A19103F-16F7-4668-BE54-9A1E7A4F7556}") = "FindTheBigNumber", "FindTheBigNumber\FindTheBigNumber.csproj", "{8ACD44B2-B012-4171-97BC-180C6A89C8D8}"
EndProject
Project("{9A19103F-16F7-4668-BE54-9A1E7A4F7556}") = "PangramAgain", "PangramAgain\PangramAgain.csproj", "{EE5518FD-55A9-4A94-82C4-94944A832186}"
EndProject
Project("{FAE04EC0-301F-11D3-BF4B-00C04F79EFBC}") = "I_love_%username%", "I_love_DCL\I_love_DCL.csproj", "{38384D82-25FF-4CF6-8A53-66462CC7562B}"
EndProject
Project("{9A19103F-16F7-4668-BE54-9A1E7A4F7556}") = "Spy Ditected", "Spy Ditected\Spy Ditected.csproj", "{CAC72EEA-283D-4192-BEEA-8591DE8611A1}"
EndProject
Project("{9A19103F-16F7-4668-BE54-9A1E7A4F7556}") = "Sum", "Sum\Sum.csproj", "{3A1E058B-D2B6-4DB9-960E-A9E05A98080E}"
EndProject
Project("{9A19103F-16F7-4668-BE54-9A1E7A4F7556}") = "YESOrYES", "YESOrYES\YESOrYES.csproj", "{6012FDF2-A14C-48CC-B750-547D9F923C6C}"
EndProject
Project("{9A19103F-16F7-4668-BE54-9A1E7A4F7556}") = "ShortSubstrings", "ShortSubstrings\ShortSubstrings.csproj", "{EA5CB57C-3C96-43AE-BD34-7D9B445BEA0D}"
EndProject
Project("{9A19103F-16F7-4668-BE54-9A1E7A4F7556}") = "Marathon", "Marathon\Marathon.csproj", "{A897ABC7-12C9-4B05-822B-7BCF74761702}"
EndProject
Project("{9A19103F-16F7-4668-BE54-9A1E7A4F7556}") = "DislikeOfThrees", "DislikeOfThrees\DislikeOfThrees.csproj", "{01428033-01D1-4818-B0F2-C2529206E128}"
EndProject
Project("{9A19103F-16F7-4668-BE54-9A1E7A4F7556}") = "MishkaAndGame", "MishkaAndGame\MishkaAndGame.csproj", "{48F4DF83-C9BC-4437-842D-C19FA9912FC6}"
EndProject
Project("{9A19103F-16F7-4668-BE54-9A1E7A4F7556}") = "Lucky", "Lucky\Lucky.csproj", "{ED254508-D655-49A1-BC57-C61FE42B1710}"
EndProject
Project("{9A19103F-16F7-4668-BE54-9A1E7A4F7556}") = "Division", "Division\Division.csproj", "{1AEA683B-FA23-41F9-9F57-DAF5C6F78717}"
EndProject
Project("{9A19103F-16F7-4668-BE54-9A1E7A4F7556}") = "BlackSquare", "BlackSquare\BlackSquare.csproj", "{474B35A9-3242-40CF-904E-D478CA620967}"
EndProject
Project("{9A19103F-16F7-4668-BE54-9A1E7A4F7556}") = "Football(1000rating)", "Football(1000rating)\Football(1000rating).csproj", "{959B5C8C-2E1E-4A5B-8760-56263CF6EA61}"
EndProject
Project("{9A19103F-16F7-4668-BE54-9A1E7A4F7556}") = "CodeforcesChecking", "CodeforcesChecking\CodeforcesChecking.csproj", "{A1E8C125-ED43-4DF2-8CB0-CD792BB3729E}"
EndProject
Project("{9A19103F-16F7-4668-BE54-9A1E7A4F7556}") = "PlusorMinus", "PlusorMinus\PlusorMinus.csproj", "{FC5DBD02-9590-47D4-9A11-AA0E750C7B42}"
EndProject
Project("{9A19103F-16F7-4668-BE54-9A1E7A4F7556}") = "SquareString", "SquareString\SquareString.csproj", "{BC79BC9C-207C-4B18-983F-C608E7FDDAD2}"
EndProject
Project("{9A19103F-16F7-4668-BE54-9A1E7A4F7556}") = "PenaromixsPrediction", "PenaromixsPrediction\PenaromixsPrediction.csproj", "{8550C69F-9158-41EB-AE8F-EDCE69506DCD}"
EndProject
Project("{9A19103F-16F7-4668-BE54-9A1E7A4F7556}") = "FairPlayoff", "FairPlayoff\FairPlayoff.csproj", "{9FCA34F1-2B43-477F-9D2E-B9C06CE11512}"
EndProject
Project("{9A19103F-16F7-4668-BE54-9A1E7A4F7556}") = "VanyaAndCubes", "VanyaAndCubes\VanyaAndCubes.csproj", "{0F4849FC-854A-4537-9DAD-DE25C516856D}"
EndProject
Project("{9A19103F-16F7-4668-BE54-9A1E7A4F7556}") = "SpellCheck", "SpellCheck\SpellCheck.csproj", "{232B7B18-AD30-4370-87D9-E4027CA68FE7}"
EndProject
Project("{9A19103F-16F7-4668-BE54-9A1E7A4F7556}") = "NightAtTheMuseum", "NightAtTheMuseum\NightAtTheMuseum.csproj", "{82B28227-2A5A-48E4-B82B-CAB5D1F5EDA4}"
EndProject
Project("{9A19103F-16F7-4668-BE54-9A1E7A4F7556}") = "TheAmountofdigits", "TheAmountofdigits\TheAmountofdigits.csproj", "{11CD4DB8-2ECC-4F3F-A9AB-DC29AB67BFD0}"
EndProject
Project("{9A19103F-16F7-4668-BE54-9A1E7A4F7556}") = "Dubstep", "Dubstep\Dubstep.csproj", "{AABD22ED-922E-4ED9-9E9C-4E7D3DDFD903}"
EndProject
Project("{9A19103F-16F7-4668-BE54-9A1E7A4F7556}") = "Keyboard", "Keyboard\Keyboard.csproj", "{2ADA1560-746E-4BB0-90FC-202C019A2FB5}"
EndProject
Project("{9A19103F-16F7-4668-BE54-9A1E7A4F7556}") = "TwoGrams", "TwoGrams\TwoGrams.csproj", "{7786F6CF-9AE6-4513-B1AE-17FC1724A3C9}"
EndProject
Project("{9A19103F-16F7-4668-BE54-9A1E7A4F7556}") = "Game", "Game\Game.csproj", "{E8426DF4-1530-45EC-8A5B-8D3AA474A1B7}"
EndProject
Project("{9A19103F-16F7-4668-BE54-9A1E7A4F7556}") = "Decoding", "Decoding\Decoding.csproj", "{FB8F7D60-7D45-446F-89FA-120E2C7415F6}"
EndProject
Project("{9A19103F-16F7-4668-BE54-9A1E7A4F7556}") = "Three Indices", "Three Indices\Three Indices.csproj", "{7483E331-73A8-4EEB-AD4A-092745579DC7}"
EndProject
Project("{9A19103F-16F7-4668-BE54-9A1E7A4F7556}") = "AbBalance", "AbBalance\AbBalance.csproj", "{96F887EA-89B3-4D44-AB40-127CE72780D7}"
EndProject
Project("{9A19103F-16F7-4668-BE54-9A1E7A4F7556}") = "DeleteFromTheleft", "DeleteFromTheleft\DeleteFromTheleft.csproj", "{E706F1DD-7FE2-4277-949B-9A3FA3CD047E}"
EndProject
Project("{9A19103F-16F7-4668-BE54-9A1E7A4F7556}") = "RandomProblemfromJsSessionfromYoutube", "RandomProblemfromJsSessionfromYoutube\RandomProblemfromJsSessionfromYoutube.csproj", "{DCDC1355-897E-4AC2-A5B3-89AFBD464861}"
EndProject
Project("{9A19103F-16F7-4668-BE54-9A1E7A4F7556}") = "Contest", "Contest\Contest.csproj", "{3DD6E73D-5122-4CF9-88CA-FFD1DFD22424}"
EndProject
Project("{9A19103F-16F7-4668-BE54-9A1E7A4F7556}") = "Cookies", "Cookies\Cookies.csproj", "{3F489F40-823F-420B-930D-C6BD465F8F10}"
EndProject
Project("{9A19103F-16F7-4668-BE54-9A1E7A4F7556}") = "LittleElephantAndRozdil", "LittleElephantAndRozdil\LittleElephantAndRozdil.csproj", "{52B8A18A-9A42-4DA3-ABD8-A5E75D699109}"
EndProject
Project("{9A19103F-16F7-4668-BE54-9A1E7A4F7556}") = "ArrayStabilaization", "ArrayStabilaization\ArrayStabilaization.csproj", "{6410AA78-3A76-42BF-9149-4481FB0ABD18}"
EndProject
Project("{9A19103F-16F7-4668-BE54-9A1E7A4F7556}") = "StringTaskAgain", "StringTaskAgain\StringTaskAgain.csproj", "{381F416D-BAF4-4156-B364-8497E6FDC57C}"
EndProject
Project("{9A19103F-16F7-4668-BE54-9A1E7A4F7556}") = "CapsLockAgain", "CapsLockAgain\CapsLockAgain.csproj", "{85A8757D-8587-464C-9DF0-DBA618095F26}"
EndProject
Project("{9A19103F-16F7-4668-BE54-9A1E7A4F7556}") = "LuckyDivision", "LuckyDivision\LuckyDivision.csproj", "{A3256628-D2D5-4C62-8512-53F7F367DAED}"
EndProject
Project("{9A19103F-16F7-4668-BE54-9A1E7A4F7556}") = "Expression", "Expression\Expression.csproj", "{30097782-33A6-4606-BE11-E6D5E82665A9}"
EndProject
Project("{9A19103F-16F7-4668-BE54-9A1E7A4F7556}") = "RaisingBacteria", "RaisingBacteria\RaisingBacteria.csproj", "{3742A2BF-31E4-443A-8B91-676E0B86C166}"
EndProject
Project("{9A19103F-16F7-4668-BE54-9A1E7A4F7556}") = "Football1000ratings", "Football1000ratings\Football1000ratings.csproj", "{CA4212CC-14E1-45CD-831C-D29B8B987CD4}"
EndProject
Project("{9A19103F-16F7-4668-BE54-9A1E7A4F7556}") = "NewYearCandles", "NewYearCandles\NewYearCandles.csproj", "{C2E96C89-F5C0-4142-96E3-C5927B312A03}"
EndProject
Project("{9A19103F-16F7-4668-BE54-9A1E7A4F7556}") = "MoveBrackets", "MoveBrackets\MoveBrackets.csproj", "{189FEA7B-C310-41C8-BBEA-EDB13AA96567}"
EndProject
Project("{9A19103F-16F7-4668-BE54-9A1E7A4F7556}") = "MultiplicationTable", "MultiplicationTable\MultiplicationTable.csproj", "{D2B98A09-EC50-4767-833C-14FCD716D2F7}"
EndProject
Project("{9A19103F-16F7-4668-BE54-9A1E7A4F7556}") = "Lecture", "Lecture\Lecture.csproj", "{1B513867-9EB4-4B7E-9FF5-54D1096D68B8}"
EndProject
Project("{9A19103F-16F7-4668-BE54-9A1E7A4F7556}") = "JzzhuAndChildren", "JzzhuAndChildren\JzzhuAndChildren.csproj", "{9F662FB5-CD20-4132-B957-6BFC4BD5B9F3}"
EndProject
Project("{9A19103F-16F7-4668-BE54-9A1E7A4F7556}") = "FreeCash", "FreeCash\FreeCash.csproj", "{017E0C04-D3D8-4938-9399-5FCD7B6DB3CA}"
EndProject
Project("{9A19103F-16F7-4668-BE54-9A1E7A4F7556}") = "kstring", "kstring\kstring.csproj", "{1C5BB455-7E68-4D6D-A4AD-3B04818AEFA4}"
EndProject
Project("{9A19103F-16F7-4668-BE54-9A1E7A4F7556}") = "LifeWithoutZeros", "LifeWithoutZeros\LifeWithoutZeros.csproj", "{CD974495-17EB-4AFA-AD5A-3E512048A1A1}"
EndProject
Project("{9A19103F-16F7-4668-BE54-9A1E7A4F7556}") = "SumofDigits", "SumofDigits\SumofDigits.csproj", "{B33C413B-C7C9-4337-B2B2-75FD5814AF0E}"
EndProject
Project("{FAE04EC0-301F-11D3-BF4B-00C04F79EFBC}") = "KoxiaandWhiteBoards", "KoxiaandWhiteBoards\KoxiaandWhiteBoards.csproj", "{CF38E075-CA76-4600-A9C6-2DDD84691209}"
EndProject
Global
	GlobalSection(SolutionConfigurationPlatforms) = preSolution
		Debug|Any CPU = Debug|Any CPU
		Release|Any CPU = Release|Any CPU
	EndGlobalSection
	GlobalSection(ProjectConfigurationPlatforms) = postSolution
		{B48D8F2F-97A9-4613-A238-57597B1F7C72}.Debug|Any CPU.ActiveCfg = Debug|Any CPU
		{B48D8F2F-97A9-4613-A238-57597B1F7C72}.Debug|Any CPU.Build.0 = Debug|Any CPU
		{B48D8F2F-97A9-4613-A238-57597B1F7C72}.Release|Any CPU.ActiveCfg = Release|Any CPU
		{B48D8F2F-97A9-4613-A238-57597B1F7C72}.Release|Any CPU.Build.0 = Release|Any CPU
		{D7C728B8-7768-4937-95B9-A19F7CAF7B2B}.Debug|Any CPU.ActiveCfg = Debug|Any CPU
		{D7C728B8-7768-4937-95B9-A19F7CAF7B2B}.Debug|Any CPU.Build.0 = Debug|Any CPU
		{D7C728B8-7768-4937-95B9-A19F7CAF7B2B}.Release|Any CPU.ActiveCfg = Release|Any CPU
		{D7C728B8-7768-4937-95B9-A19F7CAF7B2B}.Release|Any CPU.Build.0 = Release|Any CPU
		{3DDBB379-E2D4-4BB6-B176-F7002EFEADFD}.Debug|Any CPU.ActiveCfg = Debug|Any CPU
		{3DDBB379-E2D4-4BB6-B176-F7002EFEADFD}.Debug|Any CPU.Build.0 = Debug|Any CPU
		{3DDBB379-E2D4-4BB6-B176-F7002EFEADFD}.Release|Any CPU.ActiveCfg = Release|Any CPU
		{3DDBB379-E2D4-4BB6-B176-F7002EFEADFD}.Release|Any CPU.Build.0 = Release|Any CPU
		{EB479100-FCF7-4117-BEED-2BE7BA3A2654}.Debug|Any CPU.ActiveCfg = Debug|Any CPU
		{EB479100-FCF7-4117-BEED-2BE7BA3A2654}.Debug|Any CPU.Build.0 = Debug|Any CPU
		{EB479100-FCF7-4117-BEED-2BE7BA3A2654}.Release|Any CPU.ActiveCfg = Release|Any CPU
		{EB479100-FCF7-4117-BEED-2BE7BA3A2654}.Release|Any CPU.Build.0 = Release|Any CPU
		{F4A7B06A-D46E-4BF1-B42E-2E97F3193517}.Debug|Any CPU.ActiveCfg = Debug|Any CPU
		{F4A7B06A-D46E-4BF1-B42E-2E97F3193517}.Debug|Any CPU.Build.0 = Debug|Any CPU
		{F4A7B06A-D46E-4BF1-B42E-2E97F3193517}.Release|Any CPU.ActiveCfg = Release|Any CPU
		{F4A7B06A-D46E-4BF1-B42E-2E97F3193517}.Release|Any CPU.Build.0 = Release|Any CPU
		{B6D936B1-FA6A-4B56-B76A-77AB02CCC0D4}.Debug|Any CPU.ActiveCfg = Debug|Any CPU
		{B6D936B1-FA6A-4B56-B76A-77AB02CCC0D4}.Debug|Any CPU.Build.0 = Debug|Any CPU
		{B6D936B1-FA6A-4B56-B76A-77AB02CCC0D4}.Release|Any CPU.ActiveCfg = Release|Any CPU
		{B6D936B1-FA6A-4B56-B76A-77AB02CCC0D4}.Release|Any CPU.Build.0 = Release|Any CPU
		{7ACEF665-CBA9-4E80-82A7-54CC7AF6813B}.Debug|Any CPU.ActiveCfg = Debug|Any CPU
		{7ACEF665-CBA9-4E80-82A7-54CC7AF6813B}.Debug|Any CPU.Build.0 = Debug|Any CPU
		{7ACEF665-CBA9-4E80-82A7-54CC7AF6813B}.Release|Any CPU.ActiveCfg = Release|Any CPU
		{7ACEF665-CBA9-4E80-82A7-54CC7AF6813B}.Release|Any CPU.Build.0 = Release|Any CPU
		{5E1EB433-8B1F-44F9-9750-0F8976A99C9A}.Debug|Any CPU.ActiveCfg = Debug|Any CPU
		{5E1EB433-8B1F-44F9-9750-0F8976A99C9A}.Debug|Any CPU.Build.0 = Debug|Any CPU
		{5E1EB433-8B1F-44F9-9750-0F8976A99C9A}.Release|Any CPU.ActiveCfg = Release|Any CPU
		{5E1EB433-8B1F-44F9-9750-0F8976A99C9A}.Release|Any CPU.Build.0 = Release|Any CPU
		{97359432-DC51-458C-A33C-5756CADE6598}.Debug|Any CPU.ActiveCfg = Debug|Any CPU
		{97359432-DC51-458C-A33C-5756CADE6598}.Debug|Any CPU.Build.0 = Debug|Any CPU
		{97359432-DC51-458C-A33C-5756CADE6598}.Release|Any CPU.ActiveCfg = Release|Any CPU
		{97359432-DC51-458C-A33C-5756CADE6598}.Release|Any CPU.Build.0 = Release|Any CPU
		{0520B11A-241F-4035-A1A6-066E757C74FC}.Debug|Any CPU.ActiveCfg = Debug|Any CPU
		{0520B11A-241F-4035-A1A6-066E757C74FC}.Debug|Any CPU.Build.0 = Debug|Any CPU
		{0520B11A-241F-4035-A1A6-066E757C74FC}.Release|Any CPU.ActiveCfg = Release|Any CPU
		{0520B11A-241F-4035-A1A6-066E757C74FC}.Release|Any CPU.Build.0 = Release|Any CPU
		{A455C5C5-19F4-412A-B4FB-F9D565F909E5}.Debug|Any CPU.ActiveCfg = Debug|Any CPU
		{A455C5C5-19F4-412A-B4FB-F9D565F909E5}.Debug|Any CPU.Build.0 = Debug|Any CPU
		{A455C5C5-19F4-412A-B4FB-F9D565F909E5}.Release|Any CPU.ActiveCfg = Release|Any CPU
		{A455C5C5-19F4-412A-B4FB-F9D565F909E5}.Release|Any CPU.Build.0 = Release|Any CPU
		{62C6D66E-748F-4AAE-A5D4-53E9E2335E84}.Debug|Any CPU.ActiveCfg = Debug|Any CPU
		{62C6D66E-748F-4AAE-A5D4-53E9E2335E84}.Debug|Any CPU.Build.0 = Debug|Any CPU
		{62C6D66E-748F-4AAE-A5D4-53E9E2335E84}.Release|Any CPU.ActiveCfg = Release|Any CPU
		{62C6D66E-748F-4AAE-A5D4-53E9E2335E84}.Release|Any CPU.Build.0 = Release|Any CPU
		{FCA4D748-9A37-4796-B057-7C81A464F3BF}.Debug|Any CPU.ActiveCfg = Debug|Any CPU
		{FCA4D748-9A37-4796-B057-7C81A464F3BF}.Debug|Any CPU.Build.0 = Debug|Any CPU
		{FCA4D748-9A37-4796-B057-7C81A464F3BF}.Release|Any CPU.ActiveCfg = Release|Any CPU
		{FCA4D748-9A37-4796-B057-7C81A464F3BF}.Release|Any CPU.Build.0 = Release|Any CPU
		{2BBD88D9-04E5-472A-9DB6-CEEB5CF4AE5F}.Debug|Any CPU.ActiveCfg = Debug|Any CPU
		{2BBD88D9-04E5-472A-9DB6-CEEB5CF4AE5F}.Debug|Any CPU.Build.0 = Debug|Any CPU
		{2BBD88D9-04E5-472A-9DB6-CEEB5CF4AE5F}.Release|Any CPU.ActiveCfg = Release|Any CPU
		{2BBD88D9-04E5-472A-9DB6-CEEB5CF4AE5F}.Release|Any CPU.Build.0 = Release|Any CPU
		{BC2FDAD7-EC60-4263-8003-444FEB9D76EE}.Debug|Any CPU.ActiveCfg = Debug|Any CPU
		{BC2FDAD7-EC60-4263-8003-444FEB9D76EE}.Debug|Any CPU.Build.0 = Debug|Any CPU
		{BC2FDAD7-EC60-4263-8003-444FEB9D76EE}.Release|Any CPU.ActiveCfg = Release|Any CPU
		{BC2FDAD7-EC60-4263-8003-444FEB9D76EE}.Release|Any CPU.Build.0 = Release|Any CPU
		{51146C5C-CB5B-4C59-963A-54F2EA349CDF}.Debug|Any CPU.ActiveCfg = Debug|Any CPU
		{51146C5C-CB5B-4C59-963A-54F2EA349CDF}.Debug|Any CPU.Build.0 = Debug|Any CPU
		{51146C5C-CB5B-4C59-963A-54F2EA349CDF}.Release|Any CPU.ActiveCfg = Release|Any CPU
		{51146C5C-CB5B-4C59-963A-54F2EA349CDF}.Release|Any CPU.Build.0 = Release|Any CPU
		{CEEBB2B0-3630-4821-8D72-5CEEC54DFF95}.Debug|Any CPU.ActiveCfg = Debug|Any CPU
		{CEEBB2B0-3630-4821-8D72-5CEEC54DFF95}.Debug|Any CPU.Build.0 = Debug|Any CPU
		{CEEBB2B0-3630-4821-8D72-5CEEC54DFF95}.Release|Any CPU.ActiveCfg = Release|Any CPU
		{CEEBB2B0-3630-4821-8D72-5CEEC54DFF95}.Release|Any CPU.Build.0 = Release|Any CPU
		{A81CB4BB-37BF-4AA1-8B0D-D8F8D6098C0F}.Debug|Any CPU.ActiveCfg = Debug|Any CPU
		{A81CB4BB-37BF-4AA1-8B0D-D8F8D6098C0F}.Debug|Any CPU.Build.0 = Debug|Any CPU
		{A81CB4BB-37BF-4AA1-8B0D-D8F8D6098C0F}.Release|Any CPU.ActiveCfg = Release|Any CPU
		{A81CB4BB-37BF-4AA1-8B0D-D8F8D6098C0F}.Release|Any CPU.Build.0 = Release|Any CPU
		{099228FD-7A0A-46A0-BB8B-76BAEAA38B4F}.Debug|Any CPU.ActiveCfg = Debug|Any CPU
		{099228FD-7A0A-46A0-BB8B-76BAEAA38B4F}.Debug|Any CPU.Build.0 = Debug|Any CPU
		{099228FD-7A0A-46A0-BB8B-76BAEAA38B4F}.Release|Any CPU.ActiveCfg = Release|Any CPU
		{099228FD-7A0A-46A0-BB8B-76BAEAA38B4F}.Release|Any CPU.Build.0 = Release|Any CPU
		{37353539-426D-44F6-94E5-A854249C9908}.Debug|Any CPU.ActiveCfg = Debug|Any CPU
		{37353539-426D-44F6-94E5-A854249C9908}.Debug|Any CPU.Build.0 = Debug|Any CPU
		{37353539-426D-44F6-94E5-A854249C9908}.Release|Any CPU.ActiveCfg = Release|Any CPU
		{37353539-426D-44F6-94E5-A854249C9908}.Release|Any CPU.Build.0 = Release|Any CPU
		{08108DFA-A493-4B2E-8D1F-50E173EFB05A}.Debug|Any CPU.ActiveCfg = Debug|Any CPU
		{08108DFA-A493-4B2E-8D1F-50E173EFB05A}.Debug|Any CPU.Build.0 = Debug|Any CPU
		{08108DFA-A493-4B2E-8D1F-50E173EFB05A}.Release|Any CPU.ActiveCfg = Release|Any CPU
		{08108DFA-A493-4B2E-8D1F-50E173EFB05A}.Release|Any CPU.Build.0 = Release|Any CPU
		{29709361-3C3B-416F-9F22-54ED08CE1049}.Debug|Any CPU.ActiveCfg = Debug|Any CPU
		{29709361-3C3B-416F-9F22-54ED08CE1049}.Debug|Any CPU.Build.0 = Debug|Any CPU
		{29709361-3C3B-416F-9F22-54ED08CE1049}.Release|Any CPU.ActiveCfg = Release|Any CPU
		{29709361-3C3B-416F-9F22-54ED08CE1049}.Release|Any CPU.Build.0 = Release|Any CPU
		{25AEB188-D697-442D-A4F0-3D670DBB0C21}.Debug|Any CPU.ActiveCfg = Debug|Any CPU
		{25AEB188-D697-442D-A4F0-3D670DBB0C21}.Debug|Any CPU.Build.0 = Debug|Any CPU
		{25AEB188-D697-442D-A4F0-3D670DBB0C21}.Release|Any CPU.ActiveCfg = Release|Any CPU
		{25AEB188-D697-442D-A4F0-3D670DBB0C21}.Release|Any CPU.Build.0 = Release|Any CPU
		{27897765-7E50-4B3D-85DE-7AADAEE3A5EC}.Debug|Any CPU.ActiveCfg = Debug|Any CPU
		{27897765-7E50-4B3D-85DE-7AADAEE3A5EC}.Debug|Any CPU.Build.0 = Debug|Any CPU
		{27897765-7E50-4B3D-85DE-7AADAEE3A5EC}.Release|Any CPU.ActiveCfg = Release|Any CPU
		{27897765-7E50-4B3D-85DE-7AADAEE3A5EC}.Release|Any CPU.Build.0 = Release|Any CPU
		{9E994AC7-E606-47B4-A120-62A83D835740}.Debug|Any CPU.ActiveCfg = Debug|Any CPU
		{9E994AC7-E606-47B4-A120-62A83D835740}.Debug|Any CPU.Build.0 = Debug|Any CPU
		{9E994AC7-E606-47B4-A120-62A83D835740}.Release|Any CPU.ActiveCfg = Release|Any CPU
		{9E994AC7-E606-47B4-A120-62A83D835740}.Release|Any CPU.Build.0 = Release|Any CPU
		{3244B344-9C90-464D-82D2-8FE16B2B5F7E}.Debug|Any CPU.ActiveCfg = Debug|Any CPU
		{3244B344-9C90-464D-82D2-8FE16B2B5F7E}.Debug|Any CPU.Build.0 = Debug|Any CPU
		{3244B344-9C90-464D-82D2-8FE16B2B5F7E}.Release|Any CPU.ActiveCfg = Release|Any CPU
		{3244B344-9C90-464D-82D2-8FE16B2B5F7E}.Release|Any CPU.Build.0 = Release|Any CPU
		{E6636752-C8BF-4907-BF4A-5B415183EABA}.Debug|Any CPU.ActiveCfg = Debug|Any CPU
		{E6636752-C8BF-4907-BF4A-5B415183EABA}.Debug|Any CPU.Build.0 = Debug|Any CPU
		{E6636752-C8BF-4907-BF4A-5B415183EABA}.Release|Any CPU.ActiveCfg = Release|Any CPU
		{E6636752-C8BF-4907-BF4A-5B415183EABA}.Release|Any CPU.Build.0 = Release|Any CPU
		{DE7DE20C-07FD-44E2-BC5B-63A484535F51}.Debug|Any CPU.ActiveCfg = Debug|Any CPU
		{DE7DE20C-07FD-44E2-BC5B-63A484535F51}.Debug|Any CPU.Build.0 = Debug|Any CPU
		{DE7DE20C-07FD-44E2-BC5B-63A484535F51}.Release|Any CPU.ActiveCfg = Release|Any CPU
		{DE7DE20C-07FD-44E2-BC5B-63A484535F51}.Release|Any CPU.Build.0 = Release|Any CPU
		{C4F1AC43-B7A8-4918-83AC-EEC48652F1DF}.Debug|Any CPU.ActiveCfg = Debug|Any CPU
		{C4F1AC43-B7A8-4918-83AC-EEC48652F1DF}.Debug|Any CPU.Build.0 = Debug|Any CPU
		{C4F1AC43-B7A8-4918-83AC-EEC48652F1DF}.Release|Any CPU.ActiveCfg = Release|Any CPU
		{C4F1AC43-B7A8-4918-83AC-EEC48652F1DF}.Release|Any CPU.Build.0 = Release|Any CPU
		{CBD4643E-89D8-4426-888B-EE78416E9BD0}.Debug|Any CPU.ActiveCfg = Debug|Any CPU
		{CBD4643E-89D8-4426-888B-EE78416E9BD0}.Debug|Any CPU.Build.0 = Debug|Any CPU
		{CBD4643E-89D8-4426-888B-EE78416E9BD0}.Release|Any CPU.ActiveCfg = Release|Any CPU
		{CBD4643E-89D8-4426-888B-EE78416E9BD0}.Release|Any CPU.Build.0 = Release|Any CPU
		{FCEF7FFD-3B59-4377-9A9D-560737D0BD12}.Debug|Any CPU.ActiveCfg = Debug|Any CPU
		{FCEF7FFD-3B59-4377-9A9D-560737D0BD12}.Debug|Any CPU.Build.0 = Debug|Any CPU
		{FCEF7FFD-3B59-4377-9A9D-560737D0BD12}.Release|Any CPU.ActiveCfg = Release|Any CPU
		{FCEF7FFD-3B59-4377-9A9D-560737D0BD12}.Release|Any CPU.Build.0 = Release|Any CPU
		{F519BCFD-1F96-4BB0-B47A-045242AC68DC}.Debug|Any CPU.ActiveCfg = Debug|Any CPU
		{F519BCFD-1F96-4BB0-B47A-045242AC68DC}.Debug|Any CPU.Build.0 = Debug|Any CPU
		{F519BCFD-1F96-4BB0-B47A-045242AC68DC}.Release|Any CPU.ActiveCfg = Release|Any CPU
		{F519BCFD-1F96-4BB0-B47A-045242AC68DC}.Release|Any CPU.Build.0 = Release|Any CPU
		{005B942A-4C72-4AE8-9F28-699C9202E6F8}.Debug|Any CPU.ActiveCfg = Debug|Any CPU
		{005B942A-4C72-4AE8-9F28-699C9202E6F8}.Debug|Any CPU.Build.0 = Debug|Any CPU
		{005B942A-4C72-4AE8-9F28-699C9202E6F8}.Release|Any CPU.ActiveCfg = Release|Any CPU
		{005B942A-4C72-4AE8-9F28-699C9202E6F8}.Release|Any CPU.Build.0 = Release|Any CPU
		{559E73AF-5F7F-4CC5-9848-2EFCA28D369F}.Debug|Any CPU.ActiveCfg = Debug|Any CPU
		{559E73AF-5F7F-4CC5-9848-2EFCA28D369F}.Debug|Any CPU.Build.0 = Debug|Any CPU
		{559E73AF-5F7F-4CC5-9848-2EFCA28D369F}.Release|Any CPU.ActiveCfg = Release|Any CPU
		{559E73AF-5F7F-4CC5-9848-2EFCA28D369F}.Release|Any CPU.Build.0 = Release|Any CPU
		{71B9739A-56E9-4D9E-B407-01F4816029E0}.Debug|Any CPU.ActiveCfg = Debug|Any CPU
		{71B9739A-56E9-4D9E-B407-01F4816029E0}.Debug|Any CPU.Build.0 = Debug|Any CPU
		{71B9739A-56E9-4D9E-B407-01F4816029E0}.Release|Any CPU.ActiveCfg = Release|Any CPU
		{71B9739A-56E9-4D9E-B407-01F4816029E0}.Release|Any CPU.Build.0 = Release|Any CPU
		{DCF26A66-3065-4587-99A6-5E204B8645A2}.Debug|Any CPU.ActiveCfg = Debug|Any CPU
		{DCF26A66-3065-4587-99A6-5E204B8645A2}.Debug|Any CPU.Build.0 = Debug|Any CPU
		{DCF26A66-3065-4587-99A6-5E204B8645A2}.Release|Any CPU.ActiveCfg = Release|Any CPU
		{DCF26A66-3065-4587-99A6-5E204B8645A2}.Release|Any CPU.Build.0 = Release|Any CPU
		{BD8CA47A-EDB4-4ACE-88EB-2835A440B2A6}.Debug|Any CPU.ActiveCfg = Debug|Any CPU
		{BD8CA47A-EDB4-4ACE-88EB-2835A440B2A6}.Debug|Any CPU.Build.0 = Debug|Any CPU
		{BD8CA47A-EDB4-4ACE-88EB-2835A440B2A6}.Release|Any CPU.ActiveCfg = Release|Any CPU
		{BD8CA47A-EDB4-4ACE-88EB-2835A440B2A6}.Release|Any CPU.Build.0 = Release|Any CPU
		{1485A39B-5A99-4D54-A324-8F2C2E661652}.Debug|Any CPU.ActiveCfg = Debug|Any CPU
		{1485A39B-5A99-4D54-A324-8F2C2E661652}.Debug|Any CPU.Build.0 = Debug|Any CPU
		{1485A39B-5A99-4D54-A324-8F2C2E661652}.Release|Any CPU.ActiveCfg = Release|Any CPU
		{1485A39B-5A99-4D54-A324-8F2C2E661652}.Release|Any CPU.Build.0 = Release|Any CPU
		{752B073D-40D0-4AEA-86FF-C42F44F1EBC1}.Debug|Any CPU.ActiveCfg = Debug|Any CPU
		{752B073D-40D0-4AEA-86FF-C42F44F1EBC1}.Debug|Any CPU.Build.0 = Debug|Any CPU
		{752B073D-40D0-4AEA-86FF-C42F44F1EBC1}.Release|Any CPU.ActiveCfg = Release|Any CPU
		{752B073D-40D0-4AEA-86FF-C42F44F1EBC1}.Release|Any CPU.Build.0 = Release|Any CPU
		{8ACD44B2-B012-4171-97BC-180C6A89C8D8}.Debug|Any CPU.ActiveCfg = Debug|Any CPU
		{8ACD44B2-B012-4171-97BC-180C6A89C8D8}.Debug|Any CPU.Build.0 = Debug|Any CPU
		{8ACD44B2-B012-4171-97BC-180C6A89C8D8}.Release|Any CPU.ActiveCfg = Release|Any CPU
		{8ACD44B2-B012-4171-97BC-180C6A89C8D8}.Release|Any CPU.Build.0 = Release|Any CPU
		{EE5518FD-55A9-4A94-82C4-94944A832186}.Debug|Any CPU.ActiveCfg = Debug|Any CPU
		{EE5518FD-55A9-4A94-82C4-94944A832186}.Debug|Any CPU.Build.0 = Debug|Any CPU
		{EE5518FD-55A9-4A94-82C4-94944A832186}.Release|Any CPU.ActiveCfg = Release|Any CPU
		{EE5518FD-55A9-4A94-82C4-94944A832186}.Release|Any CPU.Build.0 = Release|Any CPU
		{38384D82-25FF-4CF6-8A53-66462CC7562B}.Debug|Any CPU.ActiveCfg = Debug|Any CPU
		{38384D82-25FF-4CF6-8A53-66462CC7562B}.Debug|Any CPU.Build.0 = Debug|Any CPU
		{38384D82-25FF-4CF6-8A53-66462CC7562B}.Release|Any CPU.ActiveCfg = Release|Any CPU
		{38384D82-25FF-4CF6-8A53-66462CC7562B}.Release|Any CPU.Build.0 = Release|Any CPU
		{CAC72EEA-283D-4192-BEEA-8591DE8611A1}.Debug|Any CPU.ActiveCfg = Debug|Any CPU
		{CAC72EEA-283D-4192-BEEA-8591DE8611A1}.Debug|Any CPU.Build.0 = Debug|Any CPU
		{CAC72EEA-283D-4192-BEEA-8591DE8611A1}.Release|Any CPU.ActiveCfg = Release|Any CPU
		{CAC72EEA-283D-4192-BEEA-8591DE8611A1}.Release|Any CPU.Build.0 = Release|Any CPU
		{3A1E058B-D2B6-4DB9-960E-A9E05A98080E}.Debug|Any CPU.ActiveCfg = Debug|Any CPU
		{3A1E058B-D2B6-4DB9-960E-A9E05A98080E}.Debug|Any CPU.Build.0 = Debug|Any CPU
		{3A1E058B-D2B6-4DB9-960E-A9E05A98080E}.Release|Any CPU.ActiveCfg = Release|Any CPU
		{3A1E058B-D2B6-4DB9-960E-A9E05A98080E}.Release|Any CPU.Build.0 = Release|Any CPU
		{6012FDF2-A14C-48CC-B750-547D9F923C6C}.Debug|Any CPU.ActiveCfg = Debug|Any CPU
		{6012FDF2-A14C-48CC-B750-547D9F923C6C}.Debug|Any CPU.Build.0 = Debug|Any CPU
		{6012FDF2-A14C-48CC-B750-547D9F923C6C}.Release|Any CPU.ActiveCfg = Release|Any CPU
		{6012FDF2-A14C-48CC-B750-547D9F923C6C}.Release|Any CPU.Build.0 = Release|Any CPU
		{EA5CB57C-3C96-43AE-BD34-7D9B445BEA0D}.Debug|Any CPU.ActiveCfg = Debug|Any CPU
		{EA5CB57C-3C96-43AE-BD34-7D9B445BEA0D}.Debug|Any CPU.Build.0 = Debug|Any CPU
		{EA5CB57C-3C96-43AE-BD34-7D9B445BEA0D}.Release|Any CPU.ActiveCfg = Release|Any CPU
		{EA5CB57C-3C96-43AE-BD34-7D9B445BEA0D}.Release|Any CPU.Build.0 = Release|Any CPU
		{A897ABC7-12C9-4B05-822B-7BCF74761702}.Debug|Any CPU.ActiveCfg = Debug|Any CPU
		{A897ABC7-12C9-4B05-822B-7BCF74761702}.Debug|Any CPU.Build.0 = Debug|Any CPU
		{A897ABC7-12C9-4B05-822B-7BCF74761702}.Release|Any CPU.ActiveCfg = Release|Any CPU
		{A897ABC7-12C9-4B05-822B-7BCF74761702}.Release|Any CPU.Build.0 = Release|Any CPU
		{01428033-01D1-4818-B0F2-C2529206E128}.Debug|Any CPU.ActiveCfg = Debug|Any CPU
		{01428033-01D1-4818-B0F2-C2529206E128}.Debug|Any CPU.Build.0 = Debug|Any CPU
		{01428033-01D1-4818-B0F2-C2529206E128}.Release|Any CPU.ActiveCfg = Release|Any CPU
		{01428033-01D1-4818-B0F2-C2529206E128}.Release|Any CPU.Build.0 = Release|Any CPU
		{48F4DF83-C9BC-4437-842D-C19FA9912FC6}.Debug|Any CPU.ActiveCfg = Debug|Any CPU
		{48F4DF83-C9BC-4437-842D-C19FA9912FC6}.Debug|Any CPU.Build.0 = Debug|Any CPU
		{48F4DF83-C9BC-4437-842D-C19FA9912FC6}.Release|Any CPU.ActiveCfg = Release|Any CPU
		{48F4DF83-C9BC-4437-842D-C19FA9912FC6}.Release|Any CPU.Build.0 = Release|Any CPU
		{ED254508-D655-49A1-BC57-C61FE42B1710}.Debug|Any CPU.ActiveCfg = Debug|Any CPU
		{ED254508-D655-49A1-BC57-C61FE42B1710}.Debug|Any CPU.Build.0 = Debug|Any CPU
		{ED254508-D655-49A1-BC57-C61FE42B1710}.Release|Any CPU.ActiveCfg = Release|Any CPU
		{ED254508-D655-49A1-BC57-C61FE42B1710}.Release|Any CPU.Build.0 = Release|Any CPU
		{1AEA683B-FA23-41F9-9F57-DAF5C6F78717}.Debug|Any CPU.ActiveCfg = Debug|Any CPU
		{1AEA683B-FA23-41F9-9F57-DAF5C6F78717}.Debug|Any CPU.Build.0 = Debug|Any CPU
		{1AEA683B-FA23-41F9-9F57-DAF5C6F78717}.Release|Any CPU.ActiveCfg = Release|Any CPU
		{1AEA683B-FA23-41F9-9F57-DAF5C6F78717}.Release|Any CPU.Build.0 = Release|Any CPU
		{474B35A9-3242-40CF-904E-D478CA620967}.Debug|Any CPU.ActiveCfg = Debug|Any CPU
		{474B35A9-3242-40CF-904E-D478CA620967}.Debug|Any CPU.Build.0 = Debug|Any CPU
		{474B35A9-3242-40CF-904E-D478CA620967}.Release|Any CPU.ActiveCfg = Release|Any CPU
		{474B35A9-3242-40CF-904E-D478CA620967}.Release|Any CPU.Build.0 = Release|Any CPU
		{959B5C8C-2E1E-4A5B-8760-56263CF6EA61}.Debug|Any CPU.ActiveCfg = Debug|Any CPU
		{959B5C8C-2E1E-4A5B-8760-56263CF6EA61}.Debug|Any CPU.Build.0 = Debug|Any CPU
		{959B5C8C-2E1E-4A5B-8760-56263CF6EA61}.Release|Any CPU.ActiveCfg = Release|Any CPU
		{959B5C8C-2E1E-4A5B-8760-56263CF6EA61}.Release|Any CPU.Build.0 = Release|Any CPU
		{A1E8C125-ED43-4DF2-8CB0-CD792BB3729E}.Debug|Any CPU.ActiveCfg = Debug|Any CPU
		{A1E8C125-ED43-4DF2-8CB0-CD792BB3729E}.Debug|Any CPU.Build.0 = Debug|Any CPU
		{A1E8C125-ED43-4DF2-8CB0-CD792BB3729E}.Release|Any CPU.ActiveCfg = Release|Any CPU
		{A1E8C125-ED43-4DF2-8CB0-CD792BB3729E}.Release|Any CPU.Build.0 = Release|Any CPU
		{FC5DBD02-9590-47D4-9A11-AA0E750C7B42}.Debug|Any CPU.ActiveCfg = Debug|Any CPU
		{FC5DBD02-9590-47D4-9A11-AA0E750C7B42}.Debug|Any CPU.Build.0 = Debug|Any CPU
		{FC5DBD02-9590-47D4-9A11-AA0E750C7B42}.Release|Any CPU.ActiveCfg = Release|Any CPU
		{FC5DBD02-9590-47D4-9A11-AA0E750C7B42}.Release|Any CPU.Build.0 = Release|Any CPU
		{BC79BC9C-207C-4B18-983F-C608E7FDDAD2}.Debug|Any CPU.ActiveCfg = Debug|Any CPU
		{BC79BC9C-207C-4B18-983F-C608E7FDDAD2}.Debug|Any CPU.Build.0 = Debug|Any CPU
		{BC79BC9C-207C-4B18-983F-C608E7FDDAD2}.Release|Any CPU.ActiveCfg = Release|Any CPU
		{BC79BC9C-207C-4B18-983F-C608E7FDDAD2}.Release|Any CPU.Build.0 = Release|Any CPU
		{8550C69F-9158-41EB-AE8F-EDCE69506DCD}.Debug|Any CPU.ActiveCfg = Debug|Any CPU
		{8550C69F-9158-41EB-AE8F-EDCE69506DCD}.Debug|Any CPU.Build.0 = Debug|Any CPU
		{8550C69F-9158-41EB-AE8F-EDCE69506DCD}.Release|Any CPU.ActiveCfg = Release|Any CPU
		{8550C69F-9158-41EB-AE8F-EDCE69506DCD}.Release|Any CPU.Build.0 = Release|Any CPU
		{9FCA34F1-2B43-477F-9D2E-B9C06CE11512}.Debug|Any CPU.ActiveCfg = Debug|Any CPU
		{9FCA34F1-2B43-477F-9D2E-B9C06CE11512}.Debug|Any CPU.Build.0 = Debug|Any CPU
		{9FCA34F1-2B43-477F-9D2E-B9C06CE11512}.Release|Any CPU.ActiveCfg = Release|Any CPU
		{9FCA34F1-2B43-477F-9D2E-B9C06CE11512}.Release|Any CPU.Build.0 = Release|Any CPU
		{0F4849FC-854A-4537-9DAD-DE25C516856D}.Debug|Any CPU.ActiveCfg = Debug|Any CPU
		{0F4849FC-854A-4537-9DAD-DE25C516856D}.Debug|Any CPU.Build.0 = Debug|Any CPU
		{0F4849FC-854A-4537-9DAD-DE25C516856D}.Release|Any CPU.ActiveCfg = Release|Any CPU
		{0F4849FC-854A-4537-9DAD-DE25C516856D}.Release|Any CPU.Build.0 = Release|Any CPU
		{232B7B18-AD30-4370-87D9-E4027CA68FE7}.Debug|Any CPU.ActiveCfg = Debug|Any CPU
		{232B7B18-AD30-4370-87D9-E4027CA68FE7}.Debug|Any CPU.Build.0 = Debug|Any CPU
		{232B7B18-AD30-4370-87D9-E4027CA68FE7}.Release|Any CPU.ActiveCfg = Release|Any CPU
		{232B7B18-AD30-4370-87D9-E4027CA68FE7}.Release|Any CPU.Build.0 = Release|Any CPU
		{82B28227-2A5A-48E4-B82B-CAB5D1F5EDA4}.Debug|Any CPU.ActiveCfg = Debug|Any CPU
		{82B28227-2A5A-48E4-B82B-CAB5D1F5EDA4}.Debug|Any CPU.Build.0 = Debug|Any CPU
		{82B28227-2A5A-48E4-B82B-CAB5D1F5EDA4}.Release|Any CPU.ActiveCfg = Release|Any CPU
		{82B28227-2A5A-48E4-B82B-CAB5D1F5EDA4}.Release|Any CPU.Build.0 = Release|Any CPU
		{11CD4DB8-2ECC-4F3F-A9AB-DC29AB67BFD0}.Debug|Any CPU.ActiveCfg = Debug|Any CPU
		{11CD4DB8-2ECC-4F3F-A9AB-DC29AB67BFD0}.Debug|Any CPU.Build.0 = Debug|Any CPU
		{11CD4DB8-2ECC-4F3F-A9AB-DC29AB67BFD0}.Release|Any CPU.ActiveCfg = Release|Any CPU
		{11CD4DB8-2ECC-4F3F-A9AB-DC29AB67BFD0}.Release|Any CPU.Build.0 = Release|Any CPU
		{AABD22ED-922E-4ED9-9E9C-4E7D3DDFD903}.Debug|Any CPU.ActiveCfg = Debug|Any CPU
		{AABD22ED-922E-4ED9-9E9C-4E7D3DDFD903}.Debug|Any CPU.Build.0 = Debug|Any CPU
		{AABD22ED-922E-4ED9-9E9C-4E7D3DDFD903}.Release|Any CPU.ActiveCfg = Release|Any CPU
		{AABD22ED-922E-4ED9-9E9C-4E7D3DDFD903}.Release|Any CPU.Build.0 = Release|Any CPU
		{2ADA1560-746E-4BB0-90FC-202C019A2FB5}.Debug|Any CPU.ActiveCfg = Debug|Any CPU
		{2ADA1560-746E-4BB0-90FC-202C019A2FB5}.Debug|Any CPU.Build.0 = Debug|Any CPU
		{2ADA1560-746E-4BB0-90FC-202C019A2FB5}.Release|Any CPU.ActiveCfg = Release|Any CPU
		{2ADA1560-746E-4BB0-90FC-202C019A2FB5}.Release|Any CPU.Build.0 = Release|Any CPU
		{7786F6CF-9AE6-4513-B1AE-17FC1724A3C9}.Debug|Any CPU.ActiveCfg = Debug|Any CPU
		{7786F6CF-9AE6-4513-B1AE-17FC1724A3C9}.Debug|Any CPU.Build.0 = Debug|Any CPU
		{7786F6CF-9AE6-4513-B1AE-17FC1724A3C9}.Release|Any CPU.ActiveCfg = Release|Any CPU
		{7786F6CF-9AE6-4513-B1AE-17FC1724A3C9}.Release|Any CPU.Build.0 = Release|Any CPU
		{E8426DF4-1530-45EC-8A5B-8D3AA474A1B7}.Debug|Any CPU.ActiveCfg = Debug|Any CPU
		{E8426DF4-1530-45EC-8A5B-8D3AA474A1B7}.Debug|Any CPU.Build.0 = Debug|Any CPU
		{E8426DF4-1530-45EC-8A5B-8D3AA474A1B7}.Release|Any CPU.ActiveCfg = Release|Any CPU
		{E8426DF4-1530-45EC-8A5B-8D3AA474A1B7}.Release|Any CPU.Build.0 = Release|Any CPU
		{FB8F7D60-7D45-446F-89FA-120E2C7415F6}.Debug|Any CPU.ActiveCfg = Debug|Any CPU
		{FB8F7D60-7D45-446F-89FA-120E2C7415F6}.Debug|Any CPU.Build.0 = Debug|Any CPU
		{FB8F7D60-7D45-446F-89FA-120E2C7415F6}.Release|Any CPU.ActiveCfg = Release|Any CPU
		{FB8F7D60-7D45-446F-89FA-120E2C7415F6}.Release|Any CPU.Build.0 = Release|Any CPU
		{7483E331-73A8-4EEB-AD4A-092745579DC7}.Debug|Any CPU.ActiveCfg = Debug|Any CPU
		{7483E331-73A8-4EEB-AD4A-092745579DC7}.Debug|Any CPU.Build.0 = Debug|Any CPU
		{7483E331-73A8-4EEB-AD4A-092745579DC7}.Release|Any CPU.ActiveCfg = Release|Any CPU
		{7483E331-73A8-4EEB-AD4A-092745579DC7}.Release|Any CPU.Build.0 = Release|Any CPU
		{96F887EA-89B3-4D44-AB40-127CE72780D7}.Debug|Any CPU.ActiveCfg = Debug|Any CPU
		{96F887EA-89B3-4D44-AB40-127CE72780D7}.Debug|Any CPU.Build.0 = Debug|Any CPU
		{96F887EA-89B3-4D44-AB40-127CE72780D7}.Release|Any CPU.ActiveCfg = Release|Any CPU
		{96F887EA-89B3-4D44-AB40-127CE72780D7}.Release|Any CPU.Build.0 = Release|Any CPU
		{E706F1DD-7FE2-4277-949B-9A3FA3CD047E}.Debug|Any CPU.ActiveCfg = Debug|Any CPU
		{E706F1DD-7FE2-4277-949B-9A3FA3CD047E}.Debug|Any CPU.Build.0 = Debug|Any CPU
		{E706F1DD-7FE2-4277-949B-9A3FA3CD047E}.Release|Any CPU.ActiveCfg = Release|Any CPU
		{E706F1DD-7FE2-4277-949B-9A3FA3CD047E}.Release|Any CPU.Build.0 = Release|Any CPU
		{DCDC1355-897E-4AC2-A5B3-89AFBD464861}.Debug|Any CPU.ActiveCfg = Debug|Any CPU
		{DCDC1355-897E-4AC2-A5B3-89AFBD464861}.Debug|Any CPU.Build.0 = Debug|Any CPU
		{DCDC1355-897E-4AC2-A5B3-89AFBD464861}.Release|Any CPU.ActiveCfg = Release|Any CPU
		{DCDC1355-897E-4AC2-A5B3-89AFBD464861}.Release|Any CPU.Build.0 = Release|Any CPU
		{3DD6E73D-5122-4CF9-88CA-FFD1DFD22424}.Debug|Any CPU.ActiveCfg = Debug|Any CPU
		{3DD6E73D-5122-4CF9-88CA-FFD1DFD22424}.Debug|Any CPU.Build.0 = Debug|Any CPU
		{3DD6E73D-5122-4CF9-88CA-FFD1DFD22424}.Release|Any CPU.ActiveCfg = Release|Any CPU
		{3DD6E73D-5122-4CF9-88CA-FFD1DFD22424}.Release|Any CPU.Build.0 = Release|Any CPU
		{3F489F40-823F-420B-930D-C6BD465F8F10}.Debug|Any CPU.ActiveCfg = Debug|Any CPU
		{3F489F40-823F-420B-930D-C6BD465F8F10}.Debug|Any CPU.Build.0 = Debug|Any CPU
		{3F489F40-823F-420B-930D-C6BD465F8F10}.Release|Any CPU.ActiveCfg = Release|Any CPU
		{3F489F40-823F-420B-930D-C6BD465F8F10}.Release|Any CPU.Build.0 = Release|Any CPU
		{52B8A18A-9A42-4DA3-ABD8-A5E75D699109}.Debug|Any CPU.ActiveCfg = Debug|Any CPU
		{52B8A18A-9A42-4DA3-ABD8-A5E75D699109}.Debug|Any CPU.Build.0 = Debug|Any CPU
		{52B8A18A-9A42-4DA3-ABD8-A5E75D699109}.Release|Any CPU.ActiveCfg = Release|Any CPU
		{52B8A18A-9A42-4DA3-ABD8-A5E75D699109}.Release|Any CPU.Build.0 = Release|Any CPU
		{6410AA78-3A76-42BF-9149-4481FB0ABD18}.Debug|Any CPU.ActiveCfg = Debug|Any CPU
		{6410AA78-3A76-42BF-9149-4481FB0ABD18}.Debug|Any CPU.Build.0 = Debug|Any CPU
		{6410AA78-3A76-42BF-9149-4481FB0ABD18}.Release|Any CPU.ActiveCfg = Release|Any CPU
		{6410AA78-3A76-42BF-9149-4481FB0ABD18}.Release|Any CPU.Build.0 = Release|Any CPU
		{381F416D-BAF4-4156-B364-8497E6FDC57C}.Debug|Any CPU.ActiveCfg = Debug|Any CPU
		{381F416D-BAF4-4156-B364-8497E6FDC57C}.Debug|Any CPU.Build.0 = Debug|Any CPU
		{381F416D-BAF4-4156-B364-8497E6FDC57C}.Release|Any CPU.ActiveCfg = Release|Any CPU
		{381F416D-BAF4-4156-B364-8497E6FDC57C}.Release|Any CPU.Build.0 = Release|Any CPU
		{85A8757D-8587-464C-9DF0-DBA618095F26}.Debug|Any CPU.ActiveCfg = Debug|Any CPU
		{85A8757D-8587-464C-9DF0-DBA618095F26}.Debug|Any CPU.Build.0 = Debug|Any CPU
		{85A8757D-8587-464C-9DF0-DBA618095F26}.Release|Any CPU.ActiveCfg = Release|Any CPU
		{85A8757D-8587-464C-9DF0-DBA618095F26}.Release|Any CPU.Build.0 = Release|Any CPU
		{A3256628-D2D5-4C62-8512-53F7F367DAED}.Debug|Any CPU.ActiveCfg = Debug|Any CPU
		{A3256628-D2D5-4C62-8512-53F7F367DAED}.Debug|Any CPU.Build.0 = Debug|Any CPU
		{A3256628-D2D5-4C62-8512-53F7F367DAED}.Release|Any CPU.ActiveCfg = Release|Any CPU
		{A3256628-D2D5-4C62-8512-53F7F367DAED}.Release|Any CPU.Build.0 = Release|Any CPU
		{30097782-33A6-4606-BE11-E6D5E82665A9}.Debug|Any CPU.ActiveCfg = Debug|Any CPU
		{30097782-33A6-4606-BE11-E6D5E82665A9}.Debug|Any CPU.Build.0 = Debug|Any CPU
		{30097782-33A6-4606-BE11-E6D5E82665A9}.Release|Any CPU.ActiveCfg = Release|Any CPU
		{30097782-33A6-4606-BE11-E6D5E82665A9}.Release|Any CPU.Build.0 = Release|Any CPU
		{3742A2BF-31E4-443A-8B91-676E0B86C166}.Debug|Any CPU.ActiveCfg = Debug|Any CPU
		{3742A2BF-31E4-443A-8B91-676E0B86C166}.Debug|Any CPU.Build.0 = Debug|Any CPU
		{3742A2BF-31E4-443A-8B91-676E0B86C166}.Release|Any CPU.ActiveCfg = Release|Any CPU
		{3742A2BF-31E4-443A-8B91-676E0B86C166}.Release|Any CPU.Build.0 = Release|Any CPU
		{CA4212CC-14E1-45CD-831C-D29B8B987CD4}.Debug|Any CPU.ActiveCfg = Debug|Any CPU
		{CA4212CC-14E1-45CD-831C-D29B8B987CD4}.Debug|Any CPU.Build.0 = Debug|Any CPU
		{CA4212CC-14E1-45CD-831C-D29B8B987CD4}.Release|Any CPU.ActiveCfg = Release|Any CPU
		{CA4212CC-14E1-45CD-831C-D29B8B987CD4}.Release|Any CPU.Build.0 = Release|Any CPU
		{C2E96C89-F5C0-4142-96E3-C5927B312A03}.Debug|Any CPU.ActiveCfg = Debug|Any CPU
		{C2E96C89-F5C0-4142-96E3-C5927B312A03}.Debug|Any CPU.Build.0 = Debug|Any CPU
		{C2E96C89-F5C0-4142-96E3-C5927B312A03}.Release|Any CPU.ActiveCfg = Release|Any CPU
		{C2E96C89-F5C0-4142-96E3-C5927B312A03}.Release|Any CPU.Build.0 = Release|Any CPU
		{189FEA7B-C310-41C8-BBEA-EDB13AA96567}.Debug|Any CPU.ActiveCfg = Debug|Any CPU
		{189FEA7B-C310-41C8-BBEA-EDB13AA96567}.Debug|Any CPU.Build.0 = Debug|Any CPU
		{189FEA7B-C310-41C8-BBEA-EDB13AA96567}.Release|Any CPU.ActiveCfg = Release|Any CPU
		{189FEA7B-C310-41C8-BBEA-EDB13AA96567}.Release|Any CPU.Build.0 = Release|Any CPU
		{D2B98A09-EC50-4767-833C-14FCD716D2F7}.Debug|Any CPU.ActiveCfg = Debug|Any CPU
		{D2B98A09-EC50-4767-833C-14FCD716D2F7}.Debug|Any CPU.Build.0 = Debug|Any CPU
		{D2B98A09-EC50-4767-833C-14FCD716D2F7}.Release|Any CPU.ActiveCfg = Release|Any CPU
		{D2B98A09-EC50-4767-833C-14FCD716D2F7}.Release|Any CPU.Build.0 = Release|Any CPU
		{1B513867-9EB4-4B7E-9FF5-54D1096D68B8}.Debug|Any CPU.ActiveCfg = Debug|Any CPU
		{1B513867-9EB4-4B7E-9FF5-54D1096D68B8}.Debug|Any CPU.Build.0 = Debug|Any CPU
		{1B513867-9EB4-4B7E-9FF5-54D1096D68B8}.Release|Any CPU.ActiveCfg = Release|Any CPU
		{1B513867-9EB4-4B7E-9FF5-54D1096D68B8}.Release|Any CPU.Build.0 = Release|Any CPU
		{9F662FB5-CD20-4132-B957-6BFC4BD5B9F3}.Debug|Any CPU.ActiveCfg = Debug|Any CPU
		{9F662FB5-CD20-4132-B957-6BFC4BD5B9F3}.Debug|Any CPU.Build.0 = Debug|Any CPU
		{9F662FB5-CD20-4132-B957-6BFC4BD5B9F3}.Release|Any CPU.ActiveCfg = Release|Any CPU
		{9F662FB5-CD20-4132-B957-6BFC4BD5B9F3}.Release|Any CPU.Build.0 = Release|Any CPU
		{017E0C04-D3D8-4938-9399-5FCD7B6DB3CA}.Debug|Any CPU.ActiveCfg = Debug|Any CPU
		{017E0C04-D3D8-4938-9399-5FCD7B6DB3CA}.Debug|Any CPU.Build.0 = Debug|Any CPU
		{017E0C04-D3D8-4938-9399-5FCD7B6DB3CA}.Release|Any CPU.ActiveCfg = Release|Any CPU
		{017E0C04-D3D8-4938-9399-5FCD7B6DB3CA}.Release|Any CPU.Build.0 = Release|Any CPU
		{1C5BB455-7E68-4D6D-A4AD-3B04818AEFA4}.Debug|Any CPU.ActiveCfg = Debug|Any CPU
		{1C5BB455-7E68-4D6D-A4AD-3B04818AEFA4}.Debug|Any CPU.Build.0 = Debug|Any CPU
		{1C5BB455-7E68-4D6D-A4AD-3B04818AEFA4}.Release|Any CPU.ActiveCfg = Release|Any CPU
		{1C5BB455-7E68-4D6D-A4AD-3B04818AEFA4}.Release|Any CPU.Build.0 = Release|Any CPU
		{CD974495-17EB-4AFA-AD5A-3E512048A1A1}.Debug|Any CPU.ActiveCfg = Debug|Any CPU
		{CD974495-17EB-4AFA-AD5A-3E512048A1A1}.Debug|Any CPU.Build.0 = Debug|Any CPU
		{CD974495-17EB-4AFA-AD5A-3E512048A1A1}.Release|Any CPU.ActiveCfg = Release|Any CPU
		{CD974495-17EB-4AFA-AD5A-3E512048A1A1}.Release|Any CPU.Build.0 = Release|Any CPU
		{B33C413B-C7C9-4337-B2B2-75FD5814AF0E}.Debug|Any CPU.ActiveCfg = Debug|Any CPU
		{B33C413B-C7C9-4337-B2B2-75FD5814AF0E}.Debug|Any CPU.Build.0 = Debug|Any CPU
		{B33C413B-C7C9-4337-B2B2-75FD5814AF0E}.Release|Any CPU.ActiveCfg = Release|Any CPU
		{B33C413B-C7C9-4337-B2B2-75FD5814AF0E}.Release|Any CPU.Build.0 = Release|Any CPU
		{CF38E075-CA76-4600-A9C6-2DDD84691209}.Debug|Any CPU.ActiveCfg = Debug|Any CPU
		{CF38E075-CA76-4600-A9C6-2DDD84691209}.Debug|Any CPU.Build.0 = Debug|Any CPU
		{CF38E075-CA76-4600-A9C6-2DDD84691209}.Release|Any CPU.ActiveCfg = Release|Any CPU
		{CF38E075-CA76-4600-A9C6-2DDD84691209}.Release|Any CPU.Build.0 = Release|Any CPU
	EndGlobalSection
	GlobalSection(SolutionProperties) = preSolution
		HideSolutionNode = FALSE
	EndGlobalSection
	GlobalSection(ExtensibilityGlobals) = postSolution
		SolutionGuid = {247FF67B-8007-42CA-B157-AA5C1C4B4B4C}
	EndGlobalSection
EndGlobal
